
Microsoft Visual Studio Solution File, Format Version 12.00
# Visual Studio Version 17
VisualStudioVersion = 17.3.32811.315
MinimumVisualStudioVersion = 10.0.40219.1
Project("{FAE04EC0-301F-11D3-BF4B-00C04F79EFBC}") = "WebApplication6", "WebApplication6\WebApplication6.csproj", "{9381DB23-ACDC-419E-908F-CFBCD899D800}"
EndProject
Global
	GlobalSection(SolutionConfigurationPlatforms) = preSolution
		Debug|Any CPU = Debug|Any CPU
		Release|Any CPU = Release|Any CPU
	EndGlobalSection
	GlobalSection(ProjectConfigurationPlatforms) = postSolution
		{9381DB23-ACDC-419E-908F-CFBCD899D800}.Debug|Any CPU.ActiveCfg = Debug|Any CPU
		{9381DB23-ACDC-419E-908F-CFBCD899D800}.Debug|Any CPU.Build.0 = Debug|Any CPU
		{9381DB23-ACDC-419E-908F-CFBCD899D800}.Release|Any CPU.ActiveCfg = Release|Any CPU
		{9381DB23-ACDC-419E-908F-CFBCD899D800}.Release|Any CPU.Build.0 = Release|Any CPU
	EndGlobalSection
	GlobalSection(SolutionProperties) = preSolution
		HideSolutionNode = FALSE
	EndGlobalSection
	GlobalSection(ExtensibilityGlobals) = postSolution
		SolutionGuid = {9100C918-D787-4D0F-93D6-5D19EC70460F}
	EndGlobalSection
EndGlobal
